
Microsoft Visual Studio Solution File, Format Version 12.00
# Visual Studio 15
VisualStudioVersion = 15.0.26430.6
MinimumVisualStudioVersion = 10.0.40219.1
Project("{FAE04EC0-301F-11D3-BF4B-00C04F79EFBC}") = "BehaviorDesignerRuntime", "BehaviorDesignerRuntime.csproj", "{824A5177-A60B-46B5-A5E5-395A3D2A595A}"
EndProject
Global
	GlobalSection(SolutionConfigurationPlatforms) = preSolution
		Debug|Any CPU = Debug|Any CPU
		Release|Any CPU = Release|Any CPU
	EndGlobalSection
	GlobalSection(ProjectConfigurationPlatforms) = postSolution
		{824A5177-A60B-46B5-A5E5-395A3D2A595A}.Debug|Any CPU.ActiveCfg = Debug|Any CPU
		{824A5177-A60B-46B5-A5E5-395A3D2A595A}.Debug|Any CPU.Build.0 = Debug|Any CPU
		{824A5177-A60B-46B5-A5E5-395A3D2A595A}.Release|Any CPU.ActiveCfg = Release|Any CPU
		{824A5177-A60B-46B5-A5E5-395A3D2A595A}.Release|Any CPU.Build.0 = Release|Any CPU
	EndGlobalSection
	GlobalSection(SolutionProperties) = preSolution
		HideSolutionNode = FALSE
	EndGlobalSection
EndGlobal
